// !$*UTF8*$!
{
	archiveVersion = 1;
	classes = {
	};
	objectVersion = 46;
	objects = {

/* Begin PBXBuildFile section */
		81047F301C167E7400D093C0 /* AppDelegate.swift in Sources */ = {isa = PBXBuildFile; fileRef = 81047F2F1C167E7400D093C0 /* AppDelegate.swift */; };
		81047F321C167E7400D093C0 /* ViewController.swift in Sources */ = {isa = PBXBuildFile; fileRef = 81047F311C167E7400D093C0 /* ViewController.swift */; };
		81047F351C167E7400D093C0 /* Main.storyboard in Resources */ = {isa = PBXBuildFile; fileRef = 81047F331C167E7400D093C0 /* Main.storyboard */; };
		81047F371C167E7400D093C0 /* Assets.xcassets in Resources */ = {isa = PBXBuildFile; fileRef = 81047F361C167E7400D093C0 /* Assets.xcassets */; };
		81047F3A1C167E7400D093C0 /* LaunchScreen.storyboard in Resources */ = {isa = PBXBuildFile; fileRef = 81047F381C167E7400D093C0 /* LaunchScreen.storyboard */; };
/* End PBXBuildFile section */

/* Begin PBXFileReference section */
		81047F2C1C167E7400D093C0 /* tip.app */ = {isa = PBXFileReference; explicitFileType = wrapper.application; includeInIndex = 0; path = tip.app; sourceTree = BUILT_PRODUCTS_DIR; };
		81047F2F1C167E7400D093C0 /* AppDelegate.swift */ = {isa = PBXFileReference; lastKnownFileType = sourcecode.swift; path = AppDelegate.swift; sourceTree = "<group>"; };
		81047F311C167E7400D093C0 /* ViewController.swift */ = {isa = PBXFileReference; lastKnownFileType = sourcecode.swift; path = ViewController.swift; sourceTree = "<group>"; };
		81047F341C167E7400D093C0 /* Base */ = {isa = PBXFileReference; lastKnownFileType = file.storyboard; name = Base; path = Base.lproj/Main.storyboard; sourceTree = "<group>"; };
		81047F361C167E7400D093C0 /* Assets.xcassets */ = {isa = PBXFileReference; lastKnownFileType = folder.assetcatalog; path = Assets.xcassets; sourceTree = "<group>"; };
		81047F391C167E7400D093C0 /* Base */ = {isa = PBXFileReference; lastKnownFileType = file.storyboard; name = Base; path = Base.lproj/LaunchScreen.storyboard; sourceTree = "<group>"; };
		81047F3B1C167E7400D093C0 /* Info.plist */ = {isa = PBXFileReference; lastKnownFileType = text.plist.xml; path = Info.plist; sourceTree = "<group>"; };
/* End PBXFileReference section */

/* Begin PBXFrameworksBuildPhase section */
		81047F291C167E7400D093C0 /* Frameworks */ = {
			isa = PBXFrameworksBuildPhase;
			buildActionMask = 2147483647;
			files = (
			);
			runOnlyForDeploymentPostprocessing = 0;
		};
/* End PBXFrameworksBuildPhase section */

/* Begin PBXGroup section */
		81047F231C167E7400D093C0 = {
			isa = PBXGroup;
			children = (
				81047F2E1C167E7400D093C0 /* tip */,
				81047F2D1C167E7400D093C0 /* Products */,
			);
			sourceTree = "<group>";
		};
		81047F2D1C167E7400D093C0 /* Products */ = {
			isa = PBXGroup;
			children = (
				81047F2C1C167E7400D093C0 /* tip.app */,
			);
			name = Products;
			sourceTree = "<group>";
		};
		81047F2E1C167E7400D093C0 /* tip */ = {
			isa = PBXGroup;
			children = (
				81047F2F1C167E7400D093C0 /* AppDelegate.swift */,
				81047F311C167E7400D093C0 /* ViewController.swift */,
				81047F331C167E7400D093C0 /* Main.storyboard */,
				81047F361C167E7400D093C0 /* Assets.xcassets */,
				81047F381C167E7400D093C0 /* LaunchScreen.storyboard */,
				81047F3B1C167E7400D093C0 /* Info.plist */,
			);
			path = tip;
			sourceTree = "<group>";
		};
/* End PBXGroup section */

/* Begin PBXNativeTarget section */
		81047F2B1C167E7400D093C0 /* tip */ = {
			isa = PBXNativeTarget;
			buildConfigurationList = 81047F3E1C167E7400D093C0 /* Build configuration list for PBXNativeTarget "tip" */;
			buildPhases = (
				81047F281C167E7400D093C0 /* Sources */,
				81047F291C167E7400D093C0 /* Frameworks */,
				81047F2A1C167E7400D093C0 /* Resources */,
			);
			buildRules = (
			);
			dependencies = (
			);
			name = tip;
			productName = tip;
			productReference = 81047F2C1C167E7400D093C0 /* tip.app */;
			productType = "com.apple.product-type.application";
		};
/* End PBXNativeTarget section */

/* Begin PBXProject section */
		81047F241C167E7400D093C0 /* Project object */ = {
			isa = PBXProject;
			attributes = {
				LastSwiftUpdateCheck = 0710;
				LastUpgradeCheck = 0710;
				ORGANIZATIONNAME = codepath;
				TargetAttributes = {
					81047F2B1C167E7400D093C0 = {
						CreatedOnToolsVersion = 7.1.1;
						DevelopmentTeam = B8R2ZU54L9;
					};
				};
			};
			buildConfigurationList = 81047F271C167E7400D093C0 /* Build configuration list for PBXProject "tip" */;
			compatibilityVersion = "Xcode 3.2";
			developmentRegion = English;
			hasScannedForEncodings = 0;
			knownRegions = (
				en,
				Base,
			);
			mainGroup = 81047F231C167E7400D093C0;
			productRefGroup = 81047F2D1C167E7400D093C0 /* Products */;
			projectDirPath = "";
			projectRoot = "";
			targets = (
				81047F2B1C167E7400D093C0 /* tip */,
			);
		};
/* End PBXProject section */

/* Begin PBXResourcesBuildPhase section */
		81047F2A1C167E7400D093C0 /* Resources */ = {
			isa = PBXResourcesBuildPhase;
			buildActionMask = 2147483647;
			files = (
				81047F3A1C167E7400D093C0 /* LaunchScreen.storyboard in Resources */,
				81047F371C167E7400D093C0 /* Assets.xcassets in Resources */,
				81047F351C167E7400D093C0 /* Main.storyboard in Resources */,
			);
			runOnlyForDeploymentPostprocessing = 0;
		};
/* End PBXResourcesBuildPhase section */

/* Begin PBXSourcesBuildPhase section */
		81047F281C167E7400D093C0 /* Sources */ = {
			isa = PBXSourcesBuildPhase;
			buildActionMask = 2147483647;
			files = (
				81047F321C167E7400D093C0 /* ViewController.swift in Sources */,
				81047F301C167E7400D093C0 /* AppDelegate.swift in Sources */,
			);
			runOnlyForDeploymentPostprocessing = 0;
		};
/* End PBXSourcesBuildPhase section */

/* Begin PBXVariantGroup section */
		81047F331C167E7400D093C0 /* Main.storyboard */ = {
			isa = PBXVariantGroup;
			children = (
				81047F341C167E7400D093C0 /* Base */,
			);
			name = Main.storyboard;
			sourceTree = "<group>";
		};
		81047F381C167E7400D093C0 /* LaunchScreen.storyboard */ = {
			isa = PBXVariantGroup;
			children = (
				81047F391C167E7400D093C0 /* Base */,
			);
			name = LaunchScreen.storyboard;
			sourceTree = "<group>";
		};
/* End PBXVariantGroup section */

/* Begin XCBuildConfiguration section */
		81047F3C1C167E7400D093C0 /* Debug */ = {
			isa = XCBuildConfiguration;
			buildSettings = {
				ALWAYS_SEARCH_USER_PATHS = NO;
				CLANG_CXX_LANGUAGE_STANDARD = "gnu++0x";
				CLANG_CXX_LIBRARY = "libc++";
				CLANG_ENABLE_MODULES = YES;
				CLANG_ENABLE_OBJC_ARC = YES;
				CLANG_WARN_BOOL_CONVERSION = YES;
				CLANG_WARN_CONSTANT_CONVERSION = YES;
				CLANG_WARN_DIRECT_OBJC_ISA_USAGE = YES_ERROR;
				CLANG_WARN_EMPTY_BODY = YES;
				CLANG_WARN_ENUM_CONVERSION = YES;
				CLANG_WARN_INT_CONVERSION = YES;
				CLANG_WARN_OBJC_ROOT_CLASS = YES_ERROR;
				CLANG_WARN_UNREACHABLE_CODE = YES;
				CLANG_WARN__DUPLICATE_METHOD_MATCH = YES;
				"CODE_SIGN_IDENTITY[sdk=iphoneos*]" = "iPhone Developer";
				COPY_PHASE_STRIP = NO;
				DEBUG_INFORMATION_FORMAT = dwarf;
				ENABLE_STRICT_OBJC_MSGSEND = YES;
				ENABLE_TESTABILITY = YES;
				GCC_C_LANGUAGE_STANDARD = gnu99;
				GCC_DYNAMIC_NO_PIC = NO;
				GCC_NO_COMMON_BLOCKS = YES;
				GCC_OPTIMIZATION_LEVEL = 0;
				GCC_PREPROCESSOR_DEFINITIONS = (
					"DEBUG=1",
					"$(inherited)",
				);
				GCC_WARN_64_TO_32_BIT_CONVERSION = YES;
				GCC_WARN_ABOUT_RETURN_TYPE = YES_ERROR;
				GCC_WARN_UNDECLARED_SELECTOR = YES;
				GCC_WARN_UNINITIALIZED_AUTOS = YES_AGGRESSIVE;
				GCC_WARN_UNUSED_FUNCTION = YES;
				GCC_WARN_UNUSED_VARIABLE = YES;
				IPHONEOS_DEPLOYMENT_TARGET = 9.1;
				MTL_ENABLE_DEBUG_INFO = YES;
				ONLY_ACTIVE_ARCH = YES;
				SDKROOT = iphoneos;
				SWIFT_OPTIMIZATION_LEVEL = "-Onone";
			};
			name = Debug;
		};
		81047F3D1C167E7400D093C0 /* Release */ = {
			isa = XCBuildConfiguration;
			buildSettings = {
				ALWAYS_SEARCH_USER_PATHS = NO;
				CLANG_CXX_LANGUAGE_STANDARD = "gnu++0x";
				CLANG_CXX_LIBRARY = "libc++";
				CLANG_ENABLE_MODULES = YES;
				CLANG_ENABLE_OBJC_ARC = YES;
				CLANG_WARN_BOOL_CONVERSION = YES;
				CLANG_WARN_CONSTANT_CONVERSION = YES;
				CLANG_WARN_DIRECT_OBJC_ISA_USAGE = YES_ERROR;
				CLANG_WARN_EMPTY_BODY = YES;
				CLANG_WARN_ENUM_CONVERSION = YES;
				CLANG_WARN_INT_CONVERSION = YES;
				CLANG_WARN_OBJC_ROOT_CLASS = YES_ERROR;
				CLANG_WARN_UNREACHABLE_CODE = YES;
				CLANG_WARN__DUPLICATE_METHOD_MATCH = YES;
				"CODE_SIGN_IDENTITY[sdk=iphoneos*]" = "iPhone Developer";
				COPY_PHASE_STRIP = NO;
				DEBUG_INFORMATION_FORMAT = "dwarf-with-dsym";
				ENABLE_NS_ASSERTIONS = NO;
				ENABLE_STRICT_OBJC_MSGSEND = YES;
				GCC_C_LANGUAGE_STANDARD = gnu99;
				GCC_NO_COMMON_BLOCKS = YES;
				GCC_WARN_64_TO_32_BIT_CONVERSION = YES;
				GCC_WARN_ABOUT_RETURN_TYPE = YES_ERROR;
				GCC_WARN_UNDECLARED_SELECTOR = YES;
				GCC_WARN_UNINITIALIZED_AUTOS = YES_AGGRESSIVE;
				GCC_WARN_UNUSED_FUNCTION = YES;
				GCC_WARN_UNUSED_VARIABLE = YES;
				IPHONEOS_DEPLOYMENT_TARGET = 9.1;
				MTL_ENABLE_DEBUG_INFO = NO;
				SDKROOT = iphoneos;
				VALIDATE_PRODUCT = YES;
			};
			name = Release;
		};
		81047F3F1C167E7400D093C0 /* Debug */ = {
			isa = XCBuildConfiguration;
			buildSettings = {
				ASSETCATALOG_COMPILER_APPICON_NAME = AppIcon;
				INFOPLIST_FILE = tip/Info.plist;
				LD_RUNPATH_SEARCH_PATHS = "$(inherited) @executable_path/Frameworks";
				PRODUCT_BUNDLE_IDENTIFIER = com.codepath.tip;
				PRODUCT_NAME = "$(TARGET_NAME)";
			};
			name = Debug;
		};
		81047F401C167E7400D093C0 /* Release */ = {
			isa = XCBuildConfiguration;
			buildSettings = {
				ASSETCATALOG_COMPILER_APPICON_NAME = AppIcon;
				INFOPLIST_FILE = tip/Info.plist;
				LD_RUNPATH_SEARCH_PATHS = "$(inherited) @executable_path/Frameworks";
				PRODUCT_BUNDLE_IDENTIFIER = com.codepath.tip;
				PRODUCT_NAME = "$(TARGET_NAME)";
			};
			name = Release;
		};
/* End XCBuildConfiguration section */

/* Begin XCConfigurationList section */
		81047F271C167E7400D093C0 /* Build configuration list for PBXProject "tip" */ = {
			isa = XCConfigurationList;
			buildConfigurations = (
				81047F3C1C167E7400D093C0 /* Debug */,
				81047F3D1C167E7400D093C0 /* Release */,
			);
			defaultConfigurationIsVisible = 0;
			defaultConfigurationName = Release;
		};
		81047F3E1C167E7400D093C0 /* Build configuration list for PBXNativeTarget "tip" */ = {
			isa = XCConfigurationList;
			buildConfigurations = (
				81047F3F1C167E7400D093C0 /* Debug */,
				81047F401C167E7400D093C0 /* Release */,
			);
			defaultConfigurationIsVisible = 0;
		};
/* End XCConfigurationList section */
	};
	rootObject = 81047F241C167E7400D093C0 /* Project object */;
}
